
Microsoft Visual Studio Solution File, Format Version 12.00
# Visual Studio Version 16
VisualStudioVersion = 16.0.32106.194
MinimumVisualStudioVersion = 10.0.40219.1
Project("{FAE04EC0-301F-11D3-BF4B-00C04F79EFBC}") = "IntegracionCRM", "IntegracionCRM.csproj", "{BD7C0445-7633-4496-9B62-12BDD483C3A7}"
EndProject
Global
	GlobalSection(SolutionConfigurationPlatforms) = preSolution
		Debug|Any CPU = Debug|Any CPU
		Release|Any CPU = Release|Any CPU
	EndGlobalSection
	GlobalSection(ProjectConfigurationPlatforms) = postSolution
		{BD7C0445-7633-4496-9B62-12BDD483C3A7}.Debug|Any CPU.ActiveCfg = Debug|Any CPU
		{BD7C0445-7633-4496-9B62-12BDD483C3A7}.Debug|Any CPU.Build.0 = Debug|Any CPU
		{BD7C0445-7633-4496-9B62-12BDD483C3A7}.Release|Any CPU.ActiveCfg = Release|Any CPU
		{BD7C0445-7633-4496-9B62-12BDD483C3A7}.Release|Any CPU.Build.0 = Release|Any CPU
	EndGlobalSection
	GlobalSection(SolutionProperties) = preSolution
		HideSolutionNode = FALSE
	EndGlobalSection
	GlobalSection(ExtensibilityGlobals) = postSolution
		SolutionGuid = {35A6892D-266E-4AB9-8B17-EA9E048917AA}
	EndGlobalSection
EndGlobal
